
Microsoft Visual Studio Solution File, Format Version 12.00
# Visual Studio 15
VisualStudioVersion = 15.0.28010.2026
MinimumVisualStudioVersion = 10.0.40219.1
Project("{FAE04EC0-301F-11D3-BF4B-00C04F79EFBC}") = "exercicio10", "exercicio10\exercicio10.csproj", "{6AABAE93-DEAB-4255-B2A6-8563C9E90A91}"
EndProject
Global
	GlobalSection(SolutionConfigurationPlatforms) = preSolution
		Debug|Any CPU = Debug|Any CPU
		Release|Any CPU = Release|Any CPU
	EndGlobalSection
	GlobalSection(ProjectConfigurationPlatforms) = postSolution
		{6AABAE93-DEAB-4255-B2A6-8563C9E90A91}.Debug|Any CPU.ActiveCfg = Debug|Any CPU
		{6AABAE93-DEAB-4255-B2A6-8563C9E90A91}.Debug|Any CPU.Build.0 = Debug|Any CPU
		{6AABAE93-DEAB-4255-B2A6-8563C9E90A91}.Release|Any CPU.ActiveCfg = Release|Any CPU
		{6AABAE93-DEAB-4255-B2A6-8563C9E90A91}.Release|Any CPU.Build.0 = Release|Any CPU
	EndGlobalSection
	GlobalSection(SolutionProperties) = preSolution
		HideSolutionNode = FALSE
	EndGlobalSection
	GlobalSection(ExtensibilityGlobals) = postSolution
		SolutionGuid = {D0BBBE26-D142-4F10-87C8-852C1B55E6AD}
	EndGlobalSection
EndGlobal
