
Microsoft Visual Studio Solution File, Format Version 12.00
# Visual Studio 15
VisualStudioVersion = 15.0.28010.2036
MinimumVisualStudioVersion = 10.0.40219.1
Project("{FAE04EC0-301F-11D3-BF4B-00C04F79EFBC}") = "course4", "course4\course4.csproj", "{1A63F9FF-69B2-4AF0-92B4-DCD7D8D66ABB}"
EndProject
Global
	GlobalSection(SolutionConfigurationPlatforms) = preSolution
		Debug|Any CPU = Debug|Any CPU
		Release|Any CPU = Release|Any CPU
	EndGlobalSection
	GlobalSection(ProjectConfigurationPlatforms) = postSolution
		{1A63F9FF-69B2-4AF0-92B4-DCD7D8D66ABB}.Debug|Any CPU.ActiveCfg = Debug|Any CPU
		{1A63F9FF-69B2-4AF0-92B4-DCD7D8D66ABB}.Debug|Any CPU.Build.0 = Debug|Any CPU
		{1A63F9FF-69B2-4AF0-92B4-DCD7D8D66ABB}.Release|Any CPU.ActiveCfg = Release|Any CPU
		{1A63F9FF-69B2-4AF0-92B4-DCD7D8D66ABB}.Release|Any CPU.Build.0 = Release|Any CPU
	EndGlobalSection
	GlobalSection(SolutionProperties) = preSolution
		HideSolutionNode = FALSE
	EndGlobalSection
	GlobalSection(ExtensibilityGlobals) = postSolution
		SolutionGuid = {F25DAD71-71D0-43BD-9C22-0151F49148C2}
	EndGlobalSection
EndGlobal
