
Microsoft Visual Studio Solution File, Format Version 12.00
# Visual Studio 15
VisualStudioVersion = 15.0.28010.2026
MinimumVisualStudioVersion = 10.0.40219.1
Project("{FAE04EC0-301F-11D3-BF4B-00C04F79EFBC}") = "testes-output", "testes-output\testes-output.csproj", "{51B0D75A-8AE0-4B05-970C-5B5BA4B237C6}"
EndProject
Global
	GlobalSection(SolutionConfigurationPlatforms) = preSolution
		Debug|Any CPU = Debug|Any CPU
		Release|Any CPU = Release|Any CPU
	EndGlobalSection
	GlobalSection(ProjectConfigurationPlatforms) = postSolution
		{51B0D75A-8AE0-4B05-970C-5B5BA4B237C6}.Debug|Any CPU.ActiveCfg = Debug|Any CPU
		{51B0D75A-8AE0-4B05-970C-5B5BA4B237C6}.Debug|Any CPU.Build.0 = Debug|Any CPU
		{51B0D75A-8AE0-4B05-970C-5B5BA4B237C6}.Release|Any CPU.ActiveCfg = Release|Any CPU
		{51B0D75A-8AE0-4B05-970C-5B5BA4B237C6}.Release|Any CPU.Build.0 = Release|Any CPU
	EndGlobalSection
	GlobalSection(SolutionProperties) = preSolution
		HideSolutionNode = FALSE
	EndGlobalSection
	GlobalSection(ExtensibilityGlobals) = postSolution
		SolutionGuid = {C3B713DA-E2CE-433D-AFA4-9C2CC3F6FD7A}
	EndGlobalSection
EndGlobal
