
Microsoft Visual Studio Solution File, Format Version 12.00
# Visual Studio 15
VisualStudioVersion = 15.0.28010.2036
MinimumVisualStudioVersion = 10.0.40219.1
Project("{FAE04EC0-301F-11D3-BF4B-00C04F79EFBC}") = "fix", "fix\fix.csproj", "{0152AFF9-004E-4F07-BBA0-261741AD8674}"
EndProject
Global
	GlobalSection(SolutionConfigurationPlatforms) = preSolution
		Debug|Any CPU = Debug|Any CPU
		Release|Any CPU = Release|Any CPU
	EndGlobalSection
	GlobalSection(ProjectConfigurationPlatforms) = postSolution
		{0152AFF9-004E-4F07-BBA0-261741AD8674}.Debug|Any CPU.ActiveCfg = Debug|Any CPU
		{0152AFF9-004E-4F07-BBA0-261741AD8674}.Debug|Any CPU.Build.0 = Debug|Any CPU
		{0152AFF9-004E-4F07-BBA0-261741AD8674}.Release|Any CPU.ActiveCfg = Release|Any CPU
		{0152AFF9-004E-4F07-BBA0-261741AD8674}.Release|Any CPU.Build.0 = Release|Any CPU
	EndGlobalSection
	GlobalSection(SolutionProperties) = preSolution
		HideSolutionNode = FALSE
	EndGlobalSection
	GlobalSection(ExtensibilityGlobals) = postSolution
		SolutionGuid = {D5056B7D-7EE8-4D31-B69E-E9839E2E14AE}
	EndGlobalSection
EndGlobal
