
Microsoft Visual Studio Solution File, Format Version 12.00
# Visual Studio 15
VisualStudioVersion = 15.0.28010.2026
MinimumVisualStudioVersion = 10.0.40219.1
Project("{FAE04EC0-301F-11D3-BF4B-00C04F79EFBC}") = "curso", "curso\curso.csproj", "{B7634B35-9304-46E4-9AF8-30E816CAE582}"
EndProject
Global
	GlobalSection(SolutionConfigurationPlatforms) = preSolution
		Debug|Any CPU = Debug|Any CPU
		Release|Any CPU = Release|Any CPU
	EndGlobalSection
	GlobalSection(ProjectConfigurationPlatforms) = postSolution
		{B7634B35-9304-46E4-9AF8-30E816CAE582}.Debug|Any CPU.ActiveCfg = Debug|Any CPU
		{B7634B35-9304-46E4-9AF8-30E816CAE582}.Debug|Any CPU.Build.0 = Debug|Any CPU
		{B7634B35-9304-46E4-9AF8-30E816CAE582}.Release|Any CPU.ActiveCfg = Release|Any CPU
		{B7634B35-9304-46E4-9AF8-30E816CAE582}.Release|Any CPU.Build.0 = Release|Any CPU
	EndGlobalSection
	GlobalSection(SolutionProperties) = preSolution
		HideSolutionNode = FALSE
	EndGlobalSection
	GlobalSection(ExtensibilityGlobals) = postSolution
		SolutionGuid = {55F26825-70D9-4264-9339-B8124529A642}
	EndGlobalSection
EndGlobal
