
Microsoft Visual Studio Solution File, Format Version 12.00
# Visual Studio 15
VisualStudioVersion = 15.0.28010.2036
MinimumVisualStudioVersion = 10.0.40219.1
Project("{FAE04EC0-301F-11D3-BF4B-00C04F79EFBC}") = "course2", "course2\course2.csproj", "{46F7C493-1219-47E1-9C9D-343EE4127B2A}"
EndProject
Global
	GlobalSection(SolutionConfigurationPlatforms) = preSolution
		Debug|Any CPU = Debug|Any CPU
		Release|Any CPU = Release|Any CPU
	EndGlobalSection
	GlobalSection(ProjectConfigurationPlatforms) = postSolution
		{46F7C493-1219-47E1-9C9D-343EE4127B2A}.Debug|Any CPU.ActiveCfg = Debug|Any CPU
		{46F7C493-1219-47E1-9C9D-343EE4127B2A}.Debug|Any CPU.Build.0 = Debug|Any CPU
		{46F7C493-1219-47E1-9C9D-343EE4127B2A}.Release|Any CPU.ActiveCfg = Release|Any CPU
		{46F7C493-1219-47E1-9C9D-343EE4127B2A}.Release|Any CPU.Build.0 = Release|Any CPU
	EndGlobalSection
	GlobalSection(SolutionProperties) = preSolution
		HideSolutionNode = FALSE
	EndGlobalSection
	GlobalSection(ExtensibilityGlobals) = postSolution
		SolutionGuid = {812FF846-F196-48A4-B562-4F3CE1BFA416}
	EndGlobalSection
EndGlobal
