
Microsoft Visual Studio Solution File, Format Version 12.00
# Visual Studio 15
VisualStudioVersion = 15.0.28010.2036
MinimumVisualStudioVersion = 10.0.40219.1
Project("{FAE04EC0-301F-11D3-BF4B-00C04F79EFBC}") = "fix", "fix\fix.csproj", "{946ECFC5-F78D-4CE6-B5B1-B8A75CC78E47}"
EndProject
Global
	GlobalSection(SolutionConfigurationPlatforms) = preSolution
		Debug|Any CPU = Debug|Any CPU
		Release|Any CPU = Release|Any CPU
	EndGlobalSection
	GlobalSection(ProjectConfigurationPlatforms) = postSolution
		{946ECFC5-F78D-4CE6-B5B1-B8A75CC78E47}.Debug|Any CPU.ActiveCfg = Debug|Any CPU
		{946ECFC5-F78D-4CE6-B5B1-B8A75CC78E47}.Debug|Any CPU.Build.0 = Debug|Any CPU
		{946ECFC5-F78D-4CE6-B5B1-B8A75CC78E47}.Release|Any CPU.ActiveCfg = Release|Any CPU
		{946ECFC5-F78D-4CE6-B5B1-B8A75CC78E47}.Release|Any CPU.Build.0 = Release|Any CPU
	EndGlobalSection
	GlobalSection(SolutionProperties) = preSolution
		HideSolutionNode = FALSE
	EndGlobalSection
	GlobalSection(ExtensibilityGlobals) = postSolution
		SolutionGuid = {BFEC976B-1376-4095-BB9F-23C6900EE9A1}
	EndGlobalSection
EndGlobal
